
Microsoft Visual Studio Solution File, Format Version 12.00
Project("{FAE04EC0-301F-11D3-BF4B-00C04F79EFBC}") = "Exercise01", "Exercise01\Exercise01.csproj", "{360467F4-C383-4C4E-AF43-1F09A8579345}"
EndProject
Project("{FAE04EC0-301F-11D3-BF4B-00C04F79EFBC}") = "Exercise02", "Exercise02\Exercise02.csproj", "{2819E923-3D87-40CE-83F1-69319DFA856B}"
EndProject
Project("{FAE04EC0-301F-11D3-BF4B-00C04F79EFBC}") = "Exercise03", "Exercise03\Exercise03.csproj", "{048CEA9C-DA51-4446-9F06-91524A15A475}"
EndProject
Project("{FAE04EC0-301F-11D3-BF4B-00C04F79EFBC}") = "Exercise05", "Exercise05\Exercise05.csproj", "{D88FFE17-3616-4DCB-A51F-587D020B1D64}"
EndProject
Project("{FAE04EC0-301F-11D3-BF4B-00C04F79EFBC}") = "Exercise06", "Exercise06\Exercise06.csproj", "{318C8083-E292-41E0-B325-6849C024FC1E}"
EndProject
Project("{FAE04EC0-301F-11D3-BF4B-00C04F79EFBC}") = "Exercise04", "Exercise04\Exercise04.csproj", "{ADDC82C6-FA3F-44B2-BC71-445AB6D3575F}"
EndProject
Project("{FAE04EC0-301F-11D3-BF4B-00C04F79EFBC}") = "Exercise07", "Exercise07\Exercise07.csproj", "{759C2D47-F176-4B22-A7DA-4C54C9E7CA59}"
EndProject
Project("{FAE04EC0-301F-11D3-BF4B-00C04F79EFBC}") = "Exercise08", "Exercise08\Exercise08.csproj", "{31C2EFE0-A48D-4BE6-A5DB-AACEAA2B4D6D}"
EndProject
Project("{FAE04EC0-301F-11D3-BF4B-00C04F79EFBC}") = "Exercise09", "Exercise09\Exercise09.csproj", "{51ABCDF1-B908-4C45-8B58-DF0F76809B1A}"
EndProject
Project("{FAE04EC0-301F-11D3-BF4B-00C04F79EFBC}") = "Exercise10", "Exercise10\Exercise10.csproj", "{10C48F71-7C05-4252-912F-69EA169C9672}"
EndProject
Project("{FAE04EC0-301F-11D3-BF4B-00C04F79EFBC}") = "Exercise11", "Exercise11\Exercise11.csproj", "{0A590070-9CE0-445D-91E4-BEAFAC054FD8}"
EndProject
Project("{FAE04EC0-301F-11D3-BF4B-00C04F79EFBC}") = "Exercise12", "Exercise12\Exercise12.csproj", "{2AC0C0FB-6C58-43AC-9B51-ACB6A2D13F52}"
EndProject
Project("{FAE04EC0-301F-11D3-BF4B-00C04F79EFBC}") = "Exercise13", "Exercise13\Exercise13.csproj", "{C8F7EB04-8C66-41CF-B330-C48447A690B3}"
EndProject
Project("{FAE04EC0-301F-11D3-BF4B-00C04F79EFBC}") = "Exercise14", "Exercise14\Exercise14.csproj", "{512C9EA8-DD4B-4BA9-A8CA-D2D0787D0678}"
EndProject
Project("{FAE04EC0-301F-11D3-BF4B-00C04F79EFBC}") = "Exercise15", "Exercise15\Exercise15.csproj", "{E02AFBA2-300F-4FDA-B190-F6F5BE39A3E7}"
EndProject
Project("{FAE04EC0-301F-11D3-BF4B-00C04F79EFBC}") = "Exercise16", "Exercise16\Exercise16.csproj", "{131777FE-67D9-4E8D-8649-B87E640B1255}"
EndProject
Project("{FAE04EC0-301F-11D3-BF4B-00C04F79EFBC}") = "Exercise17", "Exercise17\Exercise17.csproj", "{D4AA65B2-C19C-4DB8-A86B-16ADA11DF0ED}"
EndProject
Project("{FAE04EC0-301F-11D3-BF4B-00C04F79EFBC}") = "Exercise18", "Exercise18\Exercise18.csproj", "{AB2B8446-C920-4794-9861-5E81609ADA11}"
EndProject
Project("{FAE04EC0-301F-11D3-BF4B-00C04F79EFBC}") = "Exercise19", "Exercise19\Exercise19.csproj", "{7889FE27-513B-466A-9498-390DFC7565AC}"
EndProject
Project("{FAE04EC0-301F-11D3-BF4B-00C04F79EFBC}") = "Exercise20", "Exercise20\Exercise20.csproj", "{A9E69290-1465-40DD-A417-4BAD66193BA4}"
EndProject
Project("{FAE04EC0-301F-11D3-BF4B-00C04F79EFBC}") = "Exercise21", "Exercise21\Exercise21.csproj", "{05D54E06-A1EC-46C9-8F0B-7161A086EA83}"
EndProject
Project("{FAE04EC0-301F-11D3-BF4B-00C04F79EFBC}") = "Exercise22", "Exercise22\Exercise22.csproj", "{365A9EB2-8ECD-4A5B-BDED-3B4644A6AAB9}"
EndProject
Project("{FAE04EC0-301F-11D3-BF4B-00C04F79EFBC}") = "Exercise23", "Exercise23\Exercise23.csproj", "{29B7C900-0C76-4747-8D65-3E098168FAE8}"
EndProject
Project("{FAE04EC0-301F-11D3-BF4B-00C04F79EFBC}") = "Exercise24", "Exercise24\Exercise24.csproj", "{4E6845DB-3D74-4196-AED0-0665FD1A8AD0}"
EndProject
Project("{FAE04EC0-301F-11D3-BF4B-00C04F79EFBC}") = "Exercise25", "Exercise25\Exercise25.csproj", "{BBA5BAD3-12CF-4DAA-9066-352CB3FF8AC6}"
EndProject
Project("{FAE04EC0-301F-11D3-BF4B-00C04F79EFBC}") = "Exercise26", "Exercise26\Exercise26.csproj", "{603FF70E-FA49-4F03-B2D0-5F0A19A74722}"
EndProject
Project("{FAE04EC0-301F-11D3-BF4B-00C04F79EFBC}") = "Exercise27", "Exercise27\Exercise27.csproj", "{45BF5F46-B85D-40CB-8200-2F0DAD5F64E1}"
EndProject
Project("{FAE04EC0-301F-11D3-BF4B-00C04F79EFBC}") = "Exercise28", "Exercise28\Exercise28.csproj", "{34C34CA5-9948-4D07-9142-6BBD158534D1}"
EndProject
Project("{FAE04EC0-301F-11D3-BF4B-00C04F79EFBC}") = "Exercise29", "Exercise29\Exercise29.csproj", "{76592A70-B001-410D-8C13-E741384A39F8}"
EndProject
Project("{FAE04EC0-301F-11D3-BF4B-00C04F79EFBC}") = "Exercise30", "Exercise30\Exercise30.csproj", "{9F8E8C3D-2958-4A02-B412-9EBE6D163134}"
EndProject
Project("{FAE04EC0-301F-11D3-BF4B-00C04F79EFBC}") = "Exercise31", "Exercise31\Exercise31.csproj", "{0D4E5BE7-4EBE-4E05-B393-09E8759DD7CD}"
EndProject
Project("{FAE04EC0-301F-11D3-BF4B-00C04F79EFBC}") = "Exercise32", "Exercise32\Exercise32.csproj", "{41BC233E-B465-4235-92EE-300E37A2F971}"
EndProject
Global
	GlobalSection(SolutionConfigurationPlatforms) = preSolution
		Debug|Any CPU = Debug|Any CPU
		Release|Any CPU = Release|Any CPU
	EndGlobalSection
	GlobalSection(ProjectConfigurationPlatforms) = postSolution
		{360467F4-C383-4C4E-AF43-1F09A8579345}.Debug|Any CPU.ActiveCfg = Debug|Any CPU
		{360467F4-C383-4C4E-AF43-1F09A8579345}.Debug|Any CPU.Build.0 = Debug|Any CPU
		{360467F4-C383-4C4E-AF43-1F09A8579345}.Release|Any CPU.ActiveCfg = Release|Any CPU
		{360467F4-C383-4C4E-AF43-1F09A8579345}.Release|Any CPU.Build.0 = Release|Any CPU
		{2819E923-3D87-40CE-83F1-69319DFA856B}.Debug|Any CPU.ActiveCfg = Debug|Any CPU
		{2819E923-3D87-40CE-83F1-69319DFA856B}.Debug|Any CPU.Build.0 = Debug|Any CPU
		{2819E923-3D87-40CE-83F1-69319DFA856B}.Release|Any CPU.ActiveCfg = Release|Any CPU
		{2819E923-3D87-40CE-83F1-69319DFA856B}.Release|Any CPU.Build.0 = Release|Any CPU
		{048CEA9C-DA51-4446-9F06-91524A15A475}.Debug|Any CPU.ActiveCfg = Debug|Any CPU
		{048CEA9C-DA51-4446-9F06-91524A15A475}.Debug|Any CPU.Build.0 = Debug|Any CPU
		{048CEA9C-DA51-4446-9F06-91524A15A475}.Release|Any CPU.ActiveCfg = Release|Any CPU
		{048CEA9C-DA51-4446-9F06-91524A15A475}.Release|Any CPU.Build.0 = Release|Any CPU
		{D88FFE17-3616-4DCB-A51F-587D020B1D64}.Debug|Any CPU.ActiveCfg = Debug|Any CPU
		{D88FFE17-3616-4DCB-A51F-587D020B1D64}.Debug|Any CPU.Build.0 = Debug|Any CPU
		{D88FFE17-3616-4DCB-A51F-587D020B1D64}.Release|Any CPU.ActiveCfg = Release|Any CPU
		{D88FFE17-3616-4DCB-A51F-587D020B1D64}.Release|Any CPU.Build.0 = Release|Any CPU
		{318C8083-E292-41E0-B325-6849C024FC1E}.Debug|Any CPU.ActiveCfg = Debug|Any CPU
		{318C8083-E292-41E0-B325-6849C024FC1E}.Debug|Any CPU.Build.0 = Debug|Any CPU
		{318C8083-E292-41E0-B325-6849C024FC1E}.Release|Any CPU.ActiveCfg = Release|Any CPU
		{318C8083-E292-41E0-B325-6849C024FC1E}.Release|Any CPU.Build.0 = Release|Any CPU
		{ADDC82C6-FA3F-44B2-BC71-445AB6D3575F}.Debug|Any CPU.ActiveCfg = Debug|Any CPU
		{ADDC82C6-FA3F-44B2-BC71-445AB6D3575F}.Debug|Any CPU.Build.0 = Debug|Any CPU
		{ADDC82C6-FA3F-44B2-BC71-445AB6D3575F}.Release|Any CPU.ActiveCfg = Release|Any CPU
		{ADDC82C6-FA3F-44B2-BC71-445AB6D3575F}.Release|Any CPU.Build.0 = Release|Any CPU
		{759C2D47-F176-4B22-A7DA-4C54C9E7CA59}.Debug|Any CPU.ActiveCfg = Debug|Any CPU
		{759C2D47-F176-4B22-A7DA-4C54C9E7CA59}.Debug|Any CPU.Build.0 = Debug|Any CPU
		{759C2D47-F176-4B22-A7DA-4C54C9E7CA59}.Release|Any CPU.ActiveCfg = Release|Any CPU
		{759C2D47-F176-4B22-A7DA-4C54C9E7CA59}.Release|Any CPU.Build.0 = Release|Any CPU
		{31C2EFE0-A48D-4BE6-A5DB-AACEAA2B4D6D}.Debug|Any CPU.ActiveCfg = Debug|Any CPU
		{31C2EFE0-A48D-4BE6-A5DB-AACEAA2B4D6D}.Debug|Any CPU.Build.0 = Debug|Any CPU
		{31C2EFE0-A48D-4BE6-A5DB-AACEAA2B4D6D}.Release|Any CPU.ActiveCfg = Release|Any CPU
		{31C2EFE0-A48D-4BE6-A5DB-AACEAA2B4D6D}.Release|Any CPU.Build.0 = Release|Any CPU
		{51ABCDF1-B908-4C45-8B58-DF0F76809B1A}.Debug|Any CPU.ActiveCfg = Debug|Any CPU
		{51ABCDF1-B908-4C45-8B58-DF0F76809B1A}.Debug|Any CPU.Build.0 = Debug|Any CPU
		{51ABCDF1-B908-4C45-8B58-DF0F76809B1A}.Release|Any CPU.ActiveCfg = Release|Any CPU
		{51ABCDF1-B908-4C45-8B58-DF0F76809B1A}.Release|Any CPU.Build.0 = Release|Any CPU
		{10C48F71-7C05-4252-912F-69EA169C9672}.Debug|Any CPU.ActiveCfg = Debug|Any CPU
		{10C48F71-7C05-4252-912F-69EA169C9672}.Debug|Any CPU.Build.0 = Debug|Any CPU
		{10C48F71-7C05-4252-912F-69EA169C9672}.Release|Any CPU.ActiveCfg = Release|Any CPU
		{10C48F71-7C05-4252-912F-69EA169C9672}.Release|Any CPU.Build.0 = Release|Any CPU
		{0A590070-9CE0-445D-91E4-BEAFAC054FD8}.Debug|Any CPU.ActiveCfg = Debug|Any CPU
		{0A590070-9CE0-445D-91E4-BEAFAC054FD8}.Debug|Any CPU.Build.0 = Debug|Any CPU
		{0A590070-9CE0-445D-91E4-BEAFAC054FD8}.Release|Any CPU.ActiveCfg = Release|Any CPU
		{0A590070-9CE0-445D-91E4-BEAFAC054FD8}.Release|Any CPU.Build.0 = Release|Any CPU
		{2AC0C0FB-6C58-43AC-9B51-ACB6A2D13F52}.Debug|Any CPU.ActiveCfg = Debug|Any CPU
		{2AC0C0FB-6C58-43AC-9B51-ACB6A2D13F52}.Debug|Any CPU.Build.0 = Debug|Any CPU
		{2AC0C0FB-6C58-43AC-9B51-ACB6A2D13F52}.Release|Any CPU.ActiveCfg = Release|Any CPU
		{2AC0C0FB-6C58-43AC-9B51-ACB6A2D13F52}.Release|Any CPU.Build.0 = Release|Any CPU
		{C8F7EB04-8C66-41CF-B330-C48447A690B3}.Debug|Any CPU.ActiveCfg = Debug|Any CPU
		{C8F7EB04-8C66-41CF-B330-C48447A690B3}.Debug|Any CPU.Build.0 = Debug|Any CPU
		{C8F7EB04-8C66-41CF-B330-C48447A690B3}.Release|Any CPU.ActiveCfg = Release|Any CPU
		{C8F7EB04-8C66-41CF-B330-C48447A690B3}.Release|Any CPU.Build.0 = Release|Any CPU
		{512C9EA8-DD4B-4BA9-A8CA-D2D0787D0678}.Debug|Any CPU.ActiveCfg = Debug|Any CPU
		{512C9EA8-DD4B-4BA9-A8CA-D2D0787D0678}.Debug|Any CPU.Build.0 = Debug|Any CPU
		{512C9EA8-DD4B-4BA9-A8CA-D2D0787D0678}.Release|Any CPU.ActiveCfg = Release|Any CPU
		{512C9EA8-DD4B-4BA9-A8CA-D2D0787D0678}.Release|Any CPU.Build.0 = Release|Any CPU
		{E02AFBA2-300F-4FDA-B190-F6F5BE39A3E7}.Debug|Any CPU.ActiveCfg = Debug|Any CPU
		{E02AFBA2-300F-4FDA-B190-F6F5BE39A3E7}.Debug|Any CPU.Build.0 = Debug|Any CPU
		{E02AFBA2-300F-4FDA-B190-F6F5BE39A3E7}.Release|Any CPU.ActiveCfg = Release|Any CPU
		{E02AFBA2-300F-4FDA-B190-F6F5BE39A3E7}.Release|Any CPU.Build.0 = Release|Any CPU
		{131777FE-67D9-4E8D-8649-B87E640B1255}.Debug|Any CPU.ActiveCfg = Debug|Any CPU
		{131777FE-67D9-4E8D-8649-B87E640B1255}.Debug|Any CPU.Build.0 = Debug|Any CPU
		{131777FE-67D9-4E8D-8649-B87E640B1255}.Release|Any CPU.ActiveCfg = Release|Any CPU
		{131777FE-67D9-4E8D-8649-B87E640B1255}.Release|Any CPU.Build.0 = Release|Any CPU
		{D4AA65B2-C19C-4DB8-A86B-16ADA11DF0ED}.Debug|Any CPU.ActiveCfg = Debug|Any CPU
		{D4AA65B2-C19C-4DB8-A86B-16ADA11DF0ED}.Debug|Any CPU.Build.0 = Debug|Any CPU
		{D4AA65B2-C19C-4DB8-A86B-16ADA11DF0ED}.Release|Any CPU.ActiveCfg = Release|Any CPU
		{D4AA65B2-C19C-4DB8-A86B-16ADA11DF0ED}.Release|Any CPU.Build.0 = Release|Any CPU
		{AB2B8446-C920-4794-9861-5E81609ADA11}.Debug|Any CPU.ActiveCfg = Debug|Any CPU
		{AB2B8446-C920-4794-9861-5E81609ADA11}.Debug|Any CPU.Build.0 = Debug|Any CPU
		{AB2B8446-C920-4794-9861-5E81609ADA11}.Release|Any CPU.ActiveCfg = Release|Any CPU
		{AB2B8446-C920-4794-9861-5E81609ADA11}.Release|Any CPU.Build.0 = Release|Any CPU
		{7889FE27-513B-466A-9498-390DFC7565AC}.Debug|Any CPU.ActiveCfg = Debug|Any CPU
		{7889FE27-513B-466A-9498-390DFC7565AC}.Debug|Any CPU.Build.0 = Debug|Any CPU
		{7889FE27-513B-466A-9498-390DFC7565AC}.Release|Any CPU.ActiveCfg = Release|Any CPU
		{7889FE27-513B-466A-9498-390DFC7565AC}.Release|Any CPU.Build.0 = Release|Any CPU
		{A9E69290-1465-40DD-A417-4BAD66193BA4}.Debug|Any CPU.ActiveCfg = Debug|Any CPU
		{A9E69290-1465-40DD-A417-4BAD66193BA4}.Debug|Any CPU.Build.0 = Debug|Any CPU
		{A9E69290-1465-40DD-A417-4BAD66193BA4}.Release|Any CPU.ActiveCfg = Release|Any CPU
		{A9E69290-1465-40DD-A417-4BAD66193BA4}.Release|Any CPU.Build.0 = Release|Any CPU
		{05D54E06-A1EC-46C9-8F0B-7161A086EA83}.Debug|Any CPU.ActiveCfg = Debug|Any CPU
		{05D54E06-A1EC-46C9-8F0B-7161A086EA83}.Debug|Any CPU.Build.0 = Debug|Any CPU
		{05D54E06-A1EC-46C9-8F0B-7161A086EA83}.Release|Any CPU.ActiveCfg = Release|Any CPU
		{05D54E06-A1EC-46C9-8F0B-7161A086EA83}.Release|Any CPU.Build.0 = Release|Any CPU
		{365A9EB2-8ECD-4A5B-BDED-3B4644A6AAB9}.Debug|Any CPU.ActiveCfg = Debug|Any CPU
		{365A9EB2-8ECD-4A5B-BDED-3B4644A6AAB9}.Debug|Any CPU.Build.0 = Debug|Any CPU
		{365A9EB2-8ECD-4A5B-BDED-3B4644A6AAB9}.Release|Any CPU.ActiveCfg = Release|Any CPU
		{365A9EB2-8ECD-4A5B-BDED-3B4644A6AAB9}.Release|Any CPU.Build.0 = Release|Any CPU
		{29B7C900-0C76-4747-8D65-3E098168FAE8}.Debug|Any CPU.ActiveCfg = Debug|Any CPU
		{29B7C900-0C76-4747-8D65-3E098168FAE8}.Debug|Any CPU.Build.0 = Debug|Any CPU
		{29B7C900-0C76-4747-8D65-3E098168FAE8}.Release|Any CPU.ActiveCfg = Release|Any CPU
		{29B7C900-0C76-4747-8D65-3E098168FAE8}.Release|Any CPU.Build.0 = Release|Any CPU
		{4E6845DB-3D74-4196-AED0-0665FD1A8AD0}.Debug|Any CPU.ActiveCfg = Debug|Any CPU
		{4E6845DB-3D74-4196-AED0-0665FD1A8AD0}.Debug|Any CPU.Build.0 = Debug|Any CPU
		{4E6845DB-3D74-4196-AED0-0665FD1A8AD0}.Release|Any CPU.ActiveCfg = Release|Any CPU
		{4E6845DB-3D74-4196-AED0-0665FD1A8AD0}.Release|Any CPU.Build.0 = Release|Any CPU
		{BBA5BAD3-12CF-4DAA-9066-352CB3FF8AC6}.Debug|Any CPU.ActiveCfg = Debug|Any CPU
		{BBA5BAD3-12CF-4DAA-9066-352CB3FF8AC6}.Debug|Any CPU.Build.0 = Debug|Any CPU
		{BBA5BAD3-12CF-4DAA-9066-352CB3FF8AC6}.Release|Any CPU.ActiveCfg = Release|Any CPU
		{BBA5BAD3-12CF-4DAA-9066-352CB3FF8AC6}.Release|Any CPU.Build.0 = Release|Any CPU
		{603FF70E-FA49-4F03-B2D0-5F0A19A74722}.Debug|Any CPU.ActiveCfg = Debug|Any CPU
		{603FF70E-FA49-4F03-B2D0-5F0A19A74722}.Debug|Any CPU.Build.0 = Debug|Any CPU
		{603FF70E-FA49-4F03-B2D0-5F0A19A74722}.Release|Any CPU.ActiveCfg = Release|Any CPU
		{603FF70E-FA49-4F03-B2D0-5F0A19A74722}.Release|Any CPU.Build.0 = Release|Any CPU
		{45BF5F46-B85D-40CB-8200-2F0DAD5F64E1}.Debug|Any CPU.ActiveCfg = Debug|Any CPU
		{45BF5F46-B85D-40CB-8200-2F0DAD5F64E1}.Debug|Any CPU.Build.0 = Debug|Any CPU
		{45BF5F46-B85D-40CB-8200-2F0DAD5F64E1}.Release|Any CPU.ActiveCfg = Release|Any CPU
		{45BF5F46-B85D-40CB-8200-2F0DAD5F64E1}.Release|Any CPU.Build.0 = Release|Any CPU
		{34C34CA5-9948-4D07-9142-6BBD158534D1}.Debug|Any CPU.ActiveCfg = Debug|Any CPU
		{34C34CA5-9948-4D07-9142-6BBD158534D1}.Debug|Any CPU.Build.0 = Debug|Any CPU
		{34C34CA5-9948-4D07-9142-6BBD158534D1}.Release|Any CPU.ActiveCfg = Release|Any CPU
		{34C34CA5-9948-4D07-9142-6BBD158534D1}.Release|Any CPU.Build.0 = Release|Any CPU
		{76592A70-B001-410D-8C13-E741384A39F8}.Debug|Any CPU.ActiveCfg = Debug|Any CPU
		{76592A70-B001-410D-8C13-E741384A39F8}.Debug|Any CPU.Build.0 = Debug|Any CPU
		{76592A70-B001-410D-8C13-E741384A39F8}.Release|Any CPU.ActiveCfg = Release|Any CPU
		{76592A70-B001-410D-8C13-E741384A39F8}.Release|Any CPU.Build.0 = Release|Any CPU
		{9F8E8C3D-2958-4A02-B412-9EBE6D163134}.Debug|Any CPU.ActiveCfg = Debug|Any CPU
		{9F8E8C3D-2958-4A02-B412-9EBE6D163134}.Debug|Any CPU.Build.0 = Debug|Any CPU
		{9F8E8C3D-2958-4A02-B412-9EBE6D163134}.Release|Any CPU.ActiveCfg = Release|Any CPU
		{9F8E8C3D-2958-4A02-B412-9EBE6D163134}.Release|Any CPU.Build.0 = Release|Any CPU
		{0D4E5BE7-4EBE-4E05-B393-09E8759DD7CD}.Debug|Any CPU.ActiveCfg = Debug|Any CPU
		{0D4E5BE7-4EBE-4E05-B393-09E8759DD7CD}.Debug|Any CPU.Build.0 = Debug|Any CPU
		{0D4E5BE7-4EBE-4E05-B393-09E8759DD7CD}.Release|Any CPU.ActiveCfg = Release|Any CPU
		{0D4E5BE7-4EBE-4E05-B393-09E8759DD7CD}.Release|Any CPU.Build.0 = Release|Any CPU
		{41BC233E-B465-4235-92EE-300E37A2F971}.Debug|Any CPU.ActiveCfg = Debug|Any CPU
		{41BC233E-B465-4235-92EE-300E37A2F971}.Debug|Any CPU.Build.0 = Debug|Any CPU
		{41BC233E-B465-4235-92EE-300E37A2F971}.Release|Any CPU.ActiveCfg = Release|Any CPU
		{41BC233E-B465-4235-92EE-300E37A2F971}.Release|Any CPU.Build.0 = Release|Any CPU
	EndGlobalSection
EndGlobal
